
Microsoft Visual Studio Solution File, Format Version 12.00
# Visual Studio Version 17
VisualStudioVersion = 17.5.33627.172
MinimumVisualStudioVersion = 10.0.40219.1
Project("{9A19103F-16F7-4668-BE54-9A1E7A4F7556}") = "Course", "Course.csproj", "{6F7AFE39-70A6-4D79-AFD5-FB6BCBF887BE}"
EndProject
Project("{FAE04EC0-301F-11D3-BF4B-00C04F79EFBC}") = "TestProject1", "..\TestProject1\TestProject1.csproj", "{6DEED478-9199-4641-B64D-43B37A9E3293}"
EndProject
Global
	GlobalSection(SolutionConfigurationPlatforms) = preSolution
		Debug|Any CPU = Debug|Any CPU
		Release|Any CPU = Release|Any CPU
	EndGlobalSection
	GlobalSection(ProjectConfigurationPlatforms) = postSolution
		{6F7AFE39-70A6-4D79-AFD5-FB6BCBF887BE}.Debug|Any CPU.ActiveCfg = Debug|Any CPU
		{6F7AFE39-70A6-4D79-AFD5-FB6BCBF887BE}.Debug|Any CPU.Build.0 = Debug|Any CPU
		{6F7AFE39-70A6-4D79-AFD5-FB6BCBF887BE}.Release|Any CPU.ActiveCfg = Release|Any CPU
		{6F7AFE39-70A6-4D79-AFD5-FB6BCBF887BE}.Release|Any CPU.Build.0 = Release|Any CPU
		{6DEED478-9199-4641-B64D-43B37A9E3293}.Debug|Any CPU.ActiveCfg = Debug|Any CPU
		{6DEED478-9199-4641-B64D-43B37A9E3293}.Debug|Any CPU.Build.0 = Debug|Any CPU
		{6DEED478-9199-4641-B64D-43B37A9E3293}.Release|Any CPU.ActiveCfg = Release|Any CPU
		{6DEED478-9199-4641-B64D-43B37A9E3293}.Release|Any CPU.Build.0 = Release|Any CPU
	EndGlobalSection
	GlobalSection(SolutionProperties) = preSolution
		HideSolutionNode = FALSE
	EndGlobalSection
	GlobalSection(ExtensibilityGlobals) = postSolution
		SolutionGuid = {6697F137-7B17-4712-AA96-897A2FA13FC7}
	EndGlobalSection
EndGlobal
